
Microsoft Visual Studio Solution File, Format Version 12.00
# Visual Studio Version 17
VisualStudioVersion = 17.11.35219.272
MinimumVisualStudioVersion = 10.0.40219.1
Project("{FAE04EC0-301F-11D3-BF4B-00C04F79EFBC}") = "Re-Gift.Server", "Re-Gift.Server\Re-Gift.Server.csproj", "{0C9ACC59-684E-4F50-848F-F6049AE2C323}"
EndProject
Project("{54A90642-561A-4BB1-A94E-469ADEE60C69}") = "re-gift.client", "re-gift.client\re-gift.client.esproj", "{7902DD3F-970D-40EA-A1F1-A0AECBFF7200}"
EndProject
Global
	GlobalSection(SolutionConfigurationPlatforms) = preSolution
		Debug|Any CPU = Debug|Any CPU
		Release|Any CPU = Release|Any CPU
	EndGlobalSection
	GlobalSection(ProjectConfigurationPlatforms) = postSolution
		{0C9ACC59-684E-4F50-848F-F6049AE2C323}.Debug|Any CPU.ActiveCfg = Debug|Any CPU
		{0C9ACC59-684E-4F50-848F-F6049AE2C323}.Debug|Any CPU.Build.0 = Debug|Any CPU
		{0C9ACC59-684E-4F50-848F-F6049AE2C323}.Release|Any CPU.ActiveCfg = Release|Any CPU
		{0C9ACC59-684E-4F50-848F-F6049AE2C323}.Release|Any CPU.Build.0 = Release|Any CPU
		{7902DD3F-970D-40EA-A1F1-A0AECBFF7200}.Debug|Any CPU.ActiveCfg = Debug|Any CPU
		{7902DD3F-970D-40EA-A1F1-A0AECBFF7200}.Debug|Any CPU.Build.0 = Debug|Any CPU
		{7902DD3F-970D-40EA-A1F1-A0AECBFF7200}.Debug|Any CPU.Deploy.0 = Debug|Any CPU
		{7902DD3F-970D-40EA-A1F1-A0AECBFF7200}.Release|Any CPU.ActiveCfg = Release|Any CPU
		{7902DD3F-970D-40EA-A1F1-A0AECBFF7200}.Release|Any CPU.Build.0 = Release|Any CPU
		{7902DD3F-970D-40EA-A1F1-A0AECBFF7200}.Release|Any CPU.Deploy.0 = Release|Any CPU
	EndGlobalSection
	GlobalSection(SolutionProperties) = preSolution
		HideSolutionNode = FALSE
	EndGlobalSection
	GlobalSection(ExtensibilityGlobals) = postSolution
		SolutionGuid = {6E4857DC-C9B2-4C67-9747-8CDE6D29A406}
	EndGlobalSection
EndGlobal
